// !$*UTF8*$!
{
	archiveVersion = 1;
	classes = {
	};
	objectVersion = 50;
	objects = {

/* Begin PBXBuildFile section */
		966F50FC2636FAB400EDB9AB /* AppDelegate.swift in Sources */ = {isa = PBXBuildFile; fileRef = 966F50FB2636FAB400EDB9AB /* AppDelegate.swift */; };
		966F50FE2636FAB400EDB9AB /* SceneDelegate.swift in Sources */ = {isa = PBXBuildFile; fileRef = 966F50FD2636FAB400EDB9AB /* SceneDelegate.swift */; };
		966F51002636FAB400EDB9AB /* ViewController.swift in Sources */ = {isa = PBXBuildFile; fileRef = 966F50FF2636FAB400EDB9AB /* ViewController.swift */; };
		966F51032636FAB400EDB9AB /* Main.storyboard in Resources */ = {isa = PBXBuildFile; fileRef = 966F51012636FAB400EDB9AB /* Main.storyboard */; };
		966F51052636FAB600EDB9AB /* Assets.xcassets in Resources */ = {isa = PBXBuildFile; fileRef = 966F51042636FAB600EDB9AB /* Assets.xcassets */; };
		966F51082636FAB600EDB9AB /* LaunchScreen.storyboard in Resources */ = {isa = PBXBuildFile; fileRef = 966F51062636FAB600EDB9AB /* LaunchScreen.storyboard */; };
		966F51112636FE4400EDB9AB /* Delm-Medium.otf in Resources */ = {isa = PBXBuildFile; fileRef = 966F51102636FE4400EDB9AB /* Delm-Medium.otf */; };
		966F51142636FE4E00EDB9AB /* ThirstySoftRegular.otf in Resources */ = {isa = PBXBuildFile; fileRef = 966F51132636FE4E00EDB9AB /* ThirstySoftRegular.otf */; };
/* End PBXBuildFile section */

/* Begin PBXFileReference section */
		963C349F2637EB97001698B3 /* Info.plist */ = {isa = PBXFileReference; fileEncoding = 4; lastKnownFileType = text.plist.xml; path = Info.plist; sourceTree = "<group>"; };
		966F50F82636FAB400EDB9AB /* Instagrid_P4.app */ = {isa = PBXFileReference; explicitFileType = wrapper.application; includeInIndex = 0; path = Instagrid_P4.app; sourceTree = BUILT_PRODUCTS_DIR; };
		966F50FB2636FAB400EDB9AB /* AppDelegate.swift */ = {isa = PBXFileReference; lastKnownFileType = sourcecode.swift; path = AppDelegate.swift; sourceTree = "<group>"; };
		966F50FD2636FAB400EDB9AB /* SceneDelegate.swift */ = {isa = PBXFileReference; lastKnownFileType = sourcecode.swift; path = SceneDelegate.swift; sourceTree = "<group>"; };
		966F50FF2636FAB400EDB9AB /* ViewController.swift */ = {isa = PBXFileReference; lastKnownFileType = sourcecode.swift; path = ViewController.swift; sourceTree = "<group>"; };
		966F51022636FAB400EDB9AB /* Base */ = {isa = PBXFileReference; lastKnownFileType = file.storyboard; name = Base; path = Base.lproj/Main.storyboard; sourceTree = "<group>"; };
		966F51042636FAB600EDB9AB /* Assets.xcassets */ = {isa = PBXFileReference; lastKnownFileType = folder.assetcatalog; path = Assets.xcassets; sourceTree = "<group>"; };
		966F51072636FAB600EDB9AB /* Base */ = {isa = PBXFileReference; lastKnownFileType = file.storyboard; name = Base; path = Base.lproj/LaunchScreen.storyboard; sourceTree = "<group>"; };
		966F51102636FE4400EDB9AB /* Delm-Medium.otf */ = {isa = PBXFileReference; lastKnownFileType = file; path = "Delm-Medium.otf"; sourceTree = "<group>"; };
		966F51132636FE4E00EDB9AB /* ThirstySoftRegular.otf */ = {isa = PBXFileReference; lastKnownFileType = file; path = ThirstySoftRegular.otf; sourceTree = "<group>"; };
/* End PBXFileReference section */

/* Begin PBXFrameworksBuildPhase section */
		966F50F52636FAB400EDB9AB /* Frameworks */ = {
			isa = PBXFrameworksBuildPhase;
			buildActionMask = 2147483647;
			files = (
			);
			runOnlyForDeploymentPostprocessing = 0;
		};
/* End PBXFrameworksBuildPhase section */

/* Begin PBXGroup section */
		965428B32639904900BA0462 /* Font */ = {
			isa = PBXGroup;
			children = (
				966F51132636FE4E00EDB9AB /* ThirstySoftRegular.otf */,
				966F51102636FE4400EDB9AB /* Delm-Medium.otf */,
			);
			path = Font;
			sourceTree = "<group>";
		};
		965428B42639906B00BA0462 /* View */ = {
			isa = PBXGroup;
			children = (
				966F51012636FAB400EDB9AB /* Main.storyboard */,
				966F51062636FAB600EDB9AB /* LaunchScreen.storyboard */,
			);
			path = View;
			sourceTree = "<group>";
		};
		965428B52639909600BA0462 /* Controller */ = {
			isa = PBXGroup;
			children = (
				966F50FF2636FAB400EDB9AB /* ViewController.swift */,
			);
			path = Controller;
			sourceTree = "<group>";
		};
		966F50EF2636FAB400EDB9AB = {
			isa = PBXGroup;
			children = (
				966F50FA2636FAB400EDB9AB /* Instagrid_P4 */,
				966F50F92636FAB400EDB9AB /* Products */,
			);
			sourceTree = "<group>";
		};
		966F50F92636FAB400EDB9AB /* Products */ = {
			isa = PBXGroup;
			children = (
				966F50F82636FAB400EDB9AB /* Instagrid_P4.app */,
			);
			name = Products;
			sourceTree = "<group>";
		};
		966F50FA2636FAB400EDB9AB /* Instagrid_P4 */ = {
			isa = PBXGroup;
			children = (
				965428B42639906B00BA0462 /* View */,
				965428B52639909600BA0462 /* Controller */,
				966F50FB2636FAB400EDB9AB /* AppDelegate.swift */,
				966F50FD2636FAB400EDB9AB /* SceneDelegate.swift */,
				963C349F2637EB97001698B3 /* Info.plist */,
				965428B32639904900BA0462 /* Font */,
				966F51042636FAB600EDB9AB /* Assets.xcassets */,
			);
			path = Instagrid_P4;
			sourceTree = "<group>";
		};
/* End PBXGroup section */

/* Begin PBXNativeTarget section */
		966F50F72636FAB400EDB9AB /* Instagrid_P4 */ = {
			isa = PBXNativeTarget;
			buildConfigurationList = 966F510C2636FAB600EDB9AB /* Build configuration list for PBXNativeTarget "Instagrid_P4" */;
			buildPhases = (
				966F50F42636FAB400EDB9AB /* Sources */,
				966F50F52636FAB400EDB9AB /* Frameworks */,
				966F50F62636FAB400EDB9AB /* Resources */,
			);
			buildRules = (
			);
			dependencies = (
			);
			name = Instagrid_P4;
			productName = Instagrid_P4;
			productReference = 966F50F82636FAB400EDB9AB /* Instagrid_P4.app */;
			productType = "com.apple.product-type.application";
		};
/* End PBXNativeTarget section */

/* Begin PBXProject section */
		966F50F02636FAB400EDB9AB /* Project object */ = {
			isa = PBXProject;
			attributes = {
				LastSwiftUpdateCheck = 1240;
				LastUpgradeCheck = 1250;
				TargetAttributes = {
					966F50F72636FAB400EDB9AB = {
						CreatedOnToolsVersion = 12.4;
					};
				};
			};
			buildConfigurationList = 966F50F32636FAB400EDB9AB /* Build configuration list for PBXProject "Instagrid_P4" */;
			compatibilityVersion = "Xcode 9.3";
			developmentRegion = en;
			hasScannedForEncodings = 0;
			knownRegions = (
				en,
				Base,
			);
			mainGroup = 966F50EF2636FAB400EDB9AB;
			productRefGroup = 966F50F92636FAB400EDB9AB /* Products */;
			projectDirPath = "";
			projectRoot = "";
			targets = (
				966F50F72636FAB400EDB9AB /* Instagrid_P4 */,
			);
		};
/* End PBXProject section */

/* Begin PBXResourcesBuildPhase section */
		966F50F62636FAB400EDB9AB /* Resources */ = {
			isa = PBXResourcesBuildPhase;
			buildActionMask = 2147483647;
			files = (
				966F51082636FAB600EDB9AB /* LaunchScreen.storyboard in Resources */,
				966F51052636FAB600EDB9AB /* Assets.xcassets in Resources */,
				966F51142636FE4E00EDB9AB /* ThirstySoftRegular.otf in Resources */,
				966F51112636FE4400EDB9AB /* Delm-Medium.otf in Resources */,
				966F51032636FAB400EDB9AB /* Main.storyboard in Resources */,
			);
			runOnlyForDeploymentPostprocessing = 0;
		};
/* End PBXResourcesBuildPhase section */

/* Begin PBXSourcesBuildPhase section */
		966F50F42636FAB400EDB9AB /* Sources */ = {
			isa = PBXSourcesBuildPhase;
			buildActionMask = 2147483647;
			files = (
				966F51002636FAB400EDB9AB /* ViewController.swift in Sources */,
				966F50FC2636FAB400EDB9AB /* AppDelegate.swift in Sources */,
				966F50FE2636FAB400EDB9AB /* SceneDelegate.swift in Sources */,
			);
			runOnlyForDeploymentPostprocessing = 0;
		};
/* End PBXSourcesBuildPhase section */

/* Begin PBXVariantGroup section */
		966F51012636FAB400EDB9AB /* Main.storyboard */ = {
			isa = PBXVariantGroup;
			children = (
				966F51022636FAB400EDB9AB /* Base */,
			);
			name = Main.storyboard;
			sourceTree = "<group>";
		};
		966F51062636FAB600EDB9AB /* LaunchScreen.storyboard */ = {
			isa = PBXVariantGroup;
			children = (
				966F51072636FAB600EDB9AB /* Base */,
			);
			name = LaunchScreen.storyboard;
			sourceTree = "<group>";
		};
/* End PBXVariantGroup section */

/* Begin XCBuildConfiguration section */
		966F510A2636FAB600EDB9AB /* Debug */ = {
			isa = XCBuildConfiguration;
			buildSettings = {
				ALWAYS_SEARCH_USER_PATHS = NO;
				CLANG_ANALYZER_NONNULL = YES;
				CLANG_ANALYZER_NUMBER_OBJECT_CONVERSION = YES_AGGRESSIVE;
				CLANG_CXX_LANGUAGE_STANDARD = "gnu++14";
				CLANG_CXX_LIBRARY = "libc++";
				CLANG_ENABLE_MODULES = YES;
				CLANG_ENABLE_OBJC_ARC = YES;
				CLANG_ENABLE_OBJC_WEAK = YES;
				CLANG_WARN_BLOCK_CAPTURE_AUTORELEASING = YES;
				CLANG_WARN_BOOL_CONVERSION = YES;
				CLANG_WARN_COMMA = YES;
				CLANG_WARN_CONSTANT_CONVERSION = YES;
				CLANG_WARN_DEPRECATED_OBJC_IMPLEMENTATIONS = YES;
				CLANG_WARN_DIRECT_OBJC_ISA_USAGE = YES_ERROR;
				CLANG_WARN_DOCUMENTATION_COMMENTS = YES;
				CLANG_WARN_EMPTY_BODY = YES;
				CLANG_WARN_ENUM_CONVERSION = YES;
				CLANG_WARN_INFINITE_RECURSION = YES;
				CLANG_WARN_INT_CONVERSION = YES;
				CLANG_WARN_NON_LITERAL_NULL_CONVERSION = YES;
				CLANG_WARN_OBJC_IMPLICIT_RETAIN_SELF = YES;
				CLANG_WARN_OBJC_LITERAL_CONVERSION = YES;
				CLANG_WARN_OBJC_ROOT_CLASS = YES_ERROR;
				CLANG_WARN_QUOTED_INCLUDE_IN_FRAMEWORK_HEADER = YES;
				CLANG_WARN_RANGE_LOOP_ANALYSIS = YES;
				CLANG_WARN_STRICT_PROTOTYPES = YES;
				CLANG_WARN_SUSPICIOUS_MOVE = YES;
				CLANG_WARN_UNGUARDED_AVAILABILITY = YES_AGGRESSIVE;
				CLANG_WARN_UNREACHABLE_CODE = YES;
				CLANG_WARN__DUPLICATE_METHOD_MATCH = YES;
				COPY_PHASE_STRIP = NO;
				DEBUG_INFORMATION_FORMAT = dwarf;
				ENABLE_STRICT_OBJC_MSGSEND = YES;
				ENABLE_TESTABILITY = YES;
				GCC_C_LANGUAGE_STANDARD = gnu11;
				GCC_DYNAMIC_NO_PIC = NO;
				GCC_NO_COMMON_BLOCKS = YES;
				GCC_OPTIMIZATION_LEVEL = 0;
				GCC_PREPROCESSOR_DEFINITIONS = (
					"DEBUG=1",
					"$(inherited)",
				);
				GCC_WARN_64_TO_32_BIT_CONVERSION = YES;
				GCC_WARN_ABOUT_RETURN_TYPE = YES_ERROR;
				GCC_WARN_UNDECLARED_SELECTOR = YES;
				GCC_WARN_UNINITIALIZED_AUTOS = YES_AGGRESSIVE;
				GCC_WARN_UNUSED_FUNCTION = YES;
				GCC_WARN_UNUSED_VARIABLE = YES;
				IPHONEOS_DEPLOYMENT_TARGET = 14.4;
				MTL_ENABLE_DEBUG_INFO = INCLUDE_SOURCE;
				MTL_FAST_MATH = YES;
				ONLY_ACTIVE_ARCH = YES;
				SDKROOT = iphoneos;
				SWIFT_ACTIVE_COMPILATION_CONDITIONS = DEBUG;
				SWIFT_OPTIMIZATION_LEVEL = "-Onone";
			};
			name = Debug;
		};
		966F510B2636FAB600EDB9AB /* Release */ = {
			isa = XCBuildConfiguration;
			buildSettings = {
				ALWAYS_SEARCH_USER_PATHS = NO;
				CLANG_ANALYZER_NONNULL = YES;
				CLANG_ANALYZER_NUMBER_OBJECT_CONVERSION = YES_AGGRESSIVE;
				CLANG_CXX_LANGUAGE_STANDARD = "gnu++14";
				CLANG_CXX_LIBRARY = "libc++";
				CLANG_ENABLE_MODULES = YES;
				CLANG_ENABLE_OBJC_ARC = YES;
				CLANG_ENABLE_OBJC_WEAK = YES;
				CLANG_WARN_BLOCK_CAPTURE_AUTORELEASING = YES;
				CLANG_WARN_BOOL_CONVERSION = YES;
				CLANG_WARN_COMMA = YES;
				CLANG_WARN_CONSTANT_CONVERSION = YES;
				CLANG_WARN_DEPRECATED_OBJC_IMPLEMENTATIONS = YES;
				CLANG_WARN_DIRECT_OBJC_ISA_USAGE = YES_ERROR;
				CLANG_WARN_DOCUMENTATION_COMMENTS = YES;
				CLANG_WARN_EMPTY_BODY = YES;
				CLANG_WARN_ENUM_CONVERSION = YES;
				CLANG_WARN_INFINITE_RECURSION = YES;
				CLANG_WARN_INT_CONVERSION = YES;
				CLANG_WARN_NON_LITERAL_NULL_CONVERSION = YES;
				CLANG_WARN_OBJC_IMPLICIT_RETAIN_SELF = YES;
				CLANG_WARN_OBJC_LITERAL_CONVERSION = YES;
				CLANG_WARN_OBJC_ROOT_CLASS = YES_ERROR;
				CLANG_WARN_QUOTED_INCLUDE_IN_FRAMEWORK_HEADER = YES;
				CLANG_WARN_RANGE_LOOP_ANALYSIS = YES;
				CLANG_WARN_STRICT_PROTOTYPES = YES;
				CLANG_WARN_SUSPICIOUS_MOVE = YES;
				CLANG_WARN_UNGUARDED_AVAILABILITY = YES_AGGRESSIVE;
				CLANG_WARN_UNREACHABLE_CODE = YES;
				CLANG_WARN__DUPLICATE_METHOD_MATCH = YES;
				COPY_PHASE_STRIP = NO;
				DEBUG_INFORMATION_FORMAT = "dwarf-with-dsym";
				ENABLE_NS_ASSERTIONS = NO;
				ENABLE_STRICT_OBJC_MSGSEND = YES;
				GCC_C_LANGUAGE_STANDARD = gnu11;
				GCC_NO_COMMON_BLOCKS = YES;
				GCC_WARN_64_TO_32_BIT_CONVERSION = YES;
				GCC_WARN_ABOUT_RETURN_TYPE = YES_ERROR;
				GCC_WARN_UNDECLARED_SELECTOR = YES;
				GCC_WARN_UNINITIALIZED_AUTOS = YES_AGGRESSIVE;
				GCC_WARN_UNUSED_FUNCTION = YES;
				GCC_WARN_UNUSED_VARIABLE = YES;
				IPHONEOS_DEPLOYMENT_TARGET = 14.4;
				MTL_ENABLE_DEBUG_INFO = NO;
				MTL_FAST_MATH = YES;
				SDKROOT = iphoneos;
				SWIFT_COMPILATION_MODE = wholemodule;
				SWIFT_OPTIMIZATION_LEVEL = "-O";
				VALIDATE_PRODUCT = YES;
			};
			name = Release;
		};
		966F510D2636FAB600EDB9AB /* Debug */ = {
			isa = XCBuildConfiguration;
			buildSettings = {
				ASSETCATALOG_COMPILER_APPICON_NAME = AppIcon;
				ASSETCATALOG_COMPILER_GLOBAL_ACCENT_COLOR_NAME = AccentColor;
				CODE_SIGN_STYLE = Automatic;
				DEVELOPMENT_TEAM = RWFYTJZ7R8;
				INFOPLIST_FILE = Instagrid_P4/Info.plist;
				LD_RUNPATH_SEARCH_PATHS = (
					"$(inherited)",
					"@executable_path/Frameworks",
				);
				PRODUCT_BUNDLE_IDENTIFIER = "com.arnaudkiefer.Instagrid-P4";
				PRODUCT_NAME = "$(TARGET_NAME)";
				SWIFT_VERSION = 5.0;
				TARGETED_DEVICE_FAMILY = 1;
			};
			name = Debug;
		};
		966F510E2636FAB600EDB9AB /* Release */ = {
			isa = XCBuildConfiguration;
			buildSettings = {
				ASSETCATALOG_COMPILER_APPICON_NAME = AppIcon;
				ASSETCATALOG_COMPILER_GLOBAL_ACCENT_COLOR_NAME = AccentColor;
				CODE_SIGN_STYLE = Automatic;
				DEVELOPMENT_TEAM = RWFYTJZ7R8;
				INFOPLIST_FILE = Instagrid_P4/Info.plist;
				LD_RUNPATH_SEARCH_PATHS = (
					"$(inherited)",
					"@executable_path/Frameworks",
				);
				PRODUCT_BUNDLE_IDENTIFIER = "com.arnaudkiefer.Instagrid-P4";
				PRODUCT_NAME = "$(TARGET_NAME)";
				SWIFT_VERSION = 5.0;
				TARGETED_DEVICE_FAMILY = 1;
			};
			name = Release;
		};
/* End XCBuildConfiguration section */

/* Begin XCConfigurationList section */
		966F50F32636FAB400EDB9AB /* Build configuration list for PBXProject "Instagrid_P4" */ = {
			isa = XCConfigurationList;
			buildConfigurations = (
				966F510A2636FAB600EDB9AB /* Debug */,
				966F510B2636FAB600EDB9AB /* Release */,
			);
			defaultConfigurationIsVisible = 0;
			defaultConfigurationName = Release;
		};
		966F510C2636FAB600EDB9AB /* Build configuration list for PBXNativeTarget "Instagrid_P4" */ = {
			isa = XCConfigurationList;
			buildConfigurations = (
				966F510D2636FAB600EDB9AB /* Debug */,
				966F510E2636FAB600EDB9AB /* Release */,
			);
			defaultConfigurationIsVisible = 0;
			defaultConfigurationName = Release;
		};
/* End XCConfigurationList section */
	};
	rootObject = 966F50F02636FAB400EDB9AB /* Project object */;
}
